
Microsoft Visual Studio Solution File, Format Version 12.00
# Visual Studio Version 17
VisualStudioVersion = 17.8.34309.116
MinimumVisualStudioVersion = 10.0.40219.1
Project("{FAE04EC0-301F-11D3-BF4B-00C04F79EFBC}") = "Gimnasios24", "Gimnasios24\Gimnasios24.csproj", "{022D46CC-1754-41F7-B727-555E4081BC3B}"
EndProject
Global
	GlobalSection(SolutionConfigurationPlatforms) = preSolution
		Debug|Any CPU = Debug|Any CPU
		Release|Any CPU = Release|Any CPU
	EndGlobalSection
	GlobalSection(ProjectConfigurationPlatforms) = postSolution
		{022D46CC-1754-41F7-B727-555E4081BC3B}.Debug|Any CPU.ActiveCfg = Debug|Any CPU
		{022D46CC-1754-41F7-B727-555E4081BC3B}.Debug|Any CPU.Build.0 = Debug|Any CPU
		{022D46CC-1754-41F7-B727-555E4081BC3B}.Release|Any CPU.ActiveCfg = Release|Any CPU
		{022D46CC-1754-41F7-B727-555E4081BC3B}.Release|Any CPU.Build.0 = Release|Any CPU
	EndGlobalSection
	GlobalSection(SolutionProperties) = preSolution
		HideSolutionNode = FALSE
	EndGlobalSection
	GlobalSection(ExtensibilityGlobals) = postSolution
		SolutionGuid = {B28963CA-6FD4-4FA0-8FEB-238BC0AB7A45}
	EndGlobalSection
EndGlobal
